
Microsoft Visual Studio Solution File, Format Version 12.00
# Visual Studio 14
VisualStudioVersion = 14.0.25420.1
MinimumVisualStudioVersion = 10.0.40219.1
Project("{FAE04EC0-301F-11D3-BF4B-00C04F79EFBC}") = "TwitterClone", "TwitterClone\TwitterClone.csproj", "{34EDD73F-7179-480A-A679-6738ABA1E910}"
EndProject
Project("{2150E333-8FDC-42A3-9474-1A3956D46DE8}") = "DataLayer", "DataLayer", "{4235C0AB-60F0-4D4E-B253-244181D9E63B}"
EndProject
Project("{FAE04EC0-301F-11D3-BF4B-00C04F79EFBC}") = "DataLayer", "DataLayer\DataLayer.csproj", "{3FB7CDEE-0A15-4CEE-B0B7-E9E74A6AF583}"
EndProject
Global
	GlobalSection(SolutionConfigurationPlatforms) = preSolution
		Debug|Any CPU = Debug|Any CPU
		Release|Any CPU = Release|Any CPU
	EndGlobalSection
	GlobalSection(ProjectConfigurationPlatforms) = postSolution
		{34EDD73F-7179-480A-A679-6738ABA1E910}.Debug|Any CPU.ActiveCfg = Debug|Any CPU
		{34EDD73F-7179-480A-A679-6738ABA1E910}.Debug|Any CPU.Build.0 = Debug|Any CPU
		{34EDD73F-7179-480A-A679-6738ABA1E910}.Release|Any CPU.ActiveCfg = Release|Any CPU
		{34EDD73F-7179-480A-A679-6738ABA1E910}.Release|Any CPU.Build.0 = Release|Any CPU
		{3FB7CDEE-0A15-4CEE-B0B7-E9E74A6AF583}.Debug|Any CPU.ActiveCfg = Debug|Any CPU
		{3FB7CDEE-0A15-4CEE-B0B7-E9E74A6AF583}.Debug|Any CPU.Build.0 = Debug|Any CPU
		{3FB7CDEE-0A15-4CEE-B0B7-E9E74A6AF583}.Release|Any CPU.ActiveCfg = Release|Any CPU
		{3FB7CDEE-0A15-4CEE-B0B7-E9E74A6AF583}.Release|Any CPU.Build.0 = Release|Any CPU
	EndGlobalSection
	GlobalSection(SolutionProperties) = preSolution
		HideSolutionNode = FALSE
	EndGlobalSection
	GlobalSection(NestedProjects) = preSolution
		{3FB7CDEE-0A15-4CEE-B0B7-E9E74A6AF583} = {4235C0AB-60F0-4D4E-B253-244181D9E63B}
	EndGlobalSection
EndGlobal
